// !$*UTF8*$!
{
	archiveVersion = 1;
	classes = {
	};
	objectVersion = 50;
	objects = {

/* Begin PBXBuildFile section */
		4D5899F421F1775E008CB5CF /* Question.swift in Sources */ = {isa = PBXBuildFile; fileRef = 4D5899F321F1775E008CB5CF /* Question.swift */; };
		4D5899F621F17D5F008CB5CF /* QuestionsFactory.swift in Sources */ = {isa = PBXBuildFile; fileRef = 4D5899F521F17D5F008CB5CF /* QuestionsFactory.swift */; };
		4D9E100221DA96CD002359D2 /* AppDelegate.swift in Sources */ = {isa = PBXBuildFile; fileRef = 4D9E100121DA96CD002359D2 /* AppDelegate.swift */; };
		4D9E100421DA96CD002359D2 /* ViewController.swift in Sources */ = {isa = PBXBuildFile; fileRef = 4D9E100321DA96CD002359D2 /* ViewController.swift */; };
		4D9E100721DA96CD002359D2 /* Main.storyboard in Resources */ = {isa = PBXBuildFile; fileRef = 4D9E100521DA96CD002359D2 /* Main.storyboard */; };
		4D9E100921DA96D0002359D2 /* Assets.xcassets in Resources */ = {isa = PBXBuildFile; fileRef = 4D9E100821DA96D0002359D2 /* Assets.xcassets */; };
		4D9E100C21DA96D0002359D2 /* LaunchScreen.storyboard in Resources */ = {isa = PBXBuildFile; fileRef = 4D9E100A21DA96D0002359D2 /* LaunchScreen.storyboard */; };
		4D9E101C21DAAD11002359D2 /* DrawingImage.swift in Sources */ = {isa = PBXBuildFile; fileRef = 4D9E101B21DAAD11002359D2 /* DrawingImage.swift */; };
		4DC2C15421F7CDD5001F162E /* MnistModel.mimodel in Resources */ = {isa = PBXBuildFile; fileRef = 4DC2C15321F7CDD5001F162E /* MnistModel.mimodel */; };
/* End PBXBuildFile section */

/* Begin PBXFileReference section */
		4D5899F321F1775E008CB5CF /* Question.swift */ = {isa = PBXFileReference; lastKnownFileType = sourcecode.swift; path = Question.swift; sourceTree = "<group>"; };
		4D5899F521F17D5F008CB5CF /* QuestionsFactory.swift */ = {isa = PBXFileReference; lastKnownFileType = sourcecode.swift; path = QuestionsFactory.swift; sourceTree = "<group>"; };
		4D9E0FFE21DA96CD002359D2 /* 07-MathTraining.app */ = {isa = PBXFileReference; explicitFileType = wrapper.application; includeInIndex = 0; path = "07-MathTraining.app"; sourceTree = BUILT_PRODUCTS_DIR; };
		4D9E100121DA96CD002359D2 /* AppDelegate.swift */ = {isa = PBXFileReference; lastKnownFileType = sourcecode.swift; path = AppDelegate.swift; sourceTree = "<group>"; };
		4D9E100321DA96CD002359D2 /* ViewController.swift */ = {isa = PBXFileReference; lastKnownFileType = sourcecode.swift; path = ViewController.swift; sourceTree = "<group>"; };
		4D9E100621DA96CD002359D2 /* Base */ = {isa = PBXFileReference; lastKnownFileType = file.storyboard; name = Base; path = Base.lproj/Main.storyboard; sourceTree = "<group>"; };
		4D9E100821DA96D0002359D2 /* Assets.xcassets */ = {isa = PBXFileReference; lastKnownFileType = folder.assetcatalog; path = Assets.xcassets; sourceTree = "<group>"; };
		4D9E100B21DA96D0002359D2 /* Base */ = {isa = PBXFileReference; lastKnownFileType = file.storyboard; name = Base; path = Base.lproj/LaunchScreen.storyboard; sourceTree = "<group>"; };
		4D9E100D21DA96D0002359D2 /* Info.plist */ = {isa = PBXFileReference; lastKnownFileType = text.plist.xml; path = Info.plist; sourceTree = "<group>"; };
		4D9E101B21DAAD11002359D2 /* DrawingImage.swift */ = {isa = PBXFileReference; lastKnownFileType = sourcecode.swift; path = DrawingImage.swift; sourceTree = "<group>"; };
		4DC2C15321F7CDD5001F162E /* MnistModel.mimodel */ = {isa = PBXFileReference; lastKnownFileType = file; path = MnistModel.mimodel; sourceTree = "<group>"; };
/* End PBXFileReference section */

/* Begin PBXFrameworksBuildPhase section */
		4D9E0FFB21DA96CD002359D2 /* Frameworks */ = {
			isa = PBXFrameworksBuildPhase;
			buildActionMask = 2147483647;
			files = (
			);
			runOnlyForDeploymentPostprocessing = 0;
		};
/* End PBXFrameworksBuildPhase section */

/* Begin PBXGroup section */
		4D5899F221F1773F008CB5CF /* Models */ = {
			isa = PBXGroup;
			children = (
				4D5899F321F1775E008CB5CF /* Question.swift */,
				4D5899F521F17D5F008CB5CF /* QuestionsFactory.swift */,
			);
			path = Models;
			sourceTree = "<group>";
		};
		4D9E0FF521DA96CD002359D2 = {
			isa = PBXGroup;
			children = (
				4D9E100021DA96CD002359D2 /* 07-MathTraining */,
				4D9E0FFF21DA96CD002359D2 /* Products */,
			);
			sourceTree = "<group>";
		};
		4D9E0FFF21DA96CD002359D2 /* Products */ = {
			isa = PBXGroup;
			children = (
				4D9E0FFE21DA96CD002359D2 /* 07-MathTraining.app */,
			);
			name = Products;
			sourceTree = "<group>";
		};
		4D9E100021DA96CD002359D2 /* 07-MathTraining */ = {
			isa = PBXGroup;
			children = (
				4D9E101921DAAA86002359D2 /* Controller */,
				4D5899F221F1773F008CB5CF /* Models */,
				4D9E101821DAAA7E002359D2 /* View */,
				4D9E101A21DAAA9E002359D2 /* Supporting Files */,
			);
			path = "07-MathTraining";
			sourceTree = "<group>";
		};
		4D9E101821DAAA7E002359D2 /* View */ = {
			isa = PBXGroup;
			children = (
				4D9E100521DA96CD002359D2 /* Main.storyboard */,
				4D9E100A21DA96D0002359D2 /* LaunchScreen.storyboard */,
				4D9E101B21DAAD11002359D2 /* DrawingImage.swift */,
			);
			path = View;
			sourceTree = "<group>";
		};
		4D9E101921DAAA86002359D2 /* Controller */ = {
			isa = PBXGroup;
			children = (
				4D9E100121DA96CD002359D2 /* AppDelegate.swift */,
				4D9E100321DA96CD002359D2 /* ViewController.swift */,
			);
			path = Controller;
			sourceTree = "<group>";
		};
		4D9E101A21DAAA9E002359D2 /* Supporting Files */ = {
			isa = PBXGroup;
			children = (
				4DC2C15321F7CDD5001F162E /* MnistModel.mimodel */,
				4D9E100821DA96D0002359D2 /* Assets.xcassets */,
				4D9E100D21DA96D0002359D2 /* Info.plist */,
			);
			path = "Supporting Files";
			sourceTree = "<group>";
		};
/* End PBXGroup section */

/* Begin PBXNativeTarget section */
		4D9E0FFD21DA96CD002359D2 /* 07-MathTraining */ = {
			isa = PBXNativeTarget;
			buildConfigurationList = 4D9E101021DA96D0002359D2 /* Build configuration list for PBXNativeTarget "07-MathTraining" */;
			buildPhases = (
				4D9E0FFA21DA96CD002359D2 /* Sources */,
				4D9E0FFB21DA96CD002359D2 /* Frameworks */,
				4D9E0FFC21DA96CD002359D2 /* Resources */,
			);
			buildRules = (
			);
			dependencies = (
			);
			name = "07-MathTraining";
			productName = "07-MathTraining";
			productReference = 4D9E0FFE21DA96CD002359D2 /* 07-MathTraining.app */;
			productType = "com.apple.product-type.application";
		};
/* End PBXNativeTarget section */

/* Begin PBXProject section */
		4D9E0FF621DA96CD002359D2 /* Project object */ = {
			isa = PBXProject;
			attributes = {
				LastSwiftUpdateCheck = 1010;
				LastUpgradeCheck = 1010;
				ORGANIZATIONNAME = "Jair Benítez";
				TargetAttributes = {
					4D9E0FFD21DA96CD002359D2 = {
						CreatedOnToolsVersion = 10.1;
					};
				};
			};
			buildConfigurationList = 4D9E0FF921DA96CD002359D2 /* Build configuration list for PBXProject "07-MathTraining" */;
			compatibilityVersion = "Xcode 9.3";
			developmentRegion = en;
			hasScannedForEncodings = 0;
			knownRegions = (
				en,
				Base,
			);
			mainGroup = 4D9E0FF521DA96CD002359D2;
			productRefGroup = 4D9E0FFF21DA96CD002359D2 /* Products */;
			projectDirPath = "";
			projectRoot = "";
			targets = (
				4D9E0FFD21DA96CD002359D2 /* 07-MathTraining */,
			);
		};
/* End PBXProject section */

/* Begin PBXResourcesBuildPhase section */
		4D9E0FFC21DA96CD002359D2 /* Resources */ = {
			isa = PBXResourcesBuildPhase;
			buildActionMask = 2147483647;
			files = (
				4D9E100C21DA96D0002359D2 /* LaunchScreen.storyboard in Resources */,
				4D9E100921DA96D0002359D2 /* Assets.xcassets in Resources */,
				4D9E100721DA96CD002359D2 /* Main.storyboard in Resources */,
				4DC2C15421F7CDD5001F162E /* MnistModel.mimodel in Resources */,
			);
			runOnlyForDeploymentPostprocessing = 0;
		};
/* End PBXResourcesBuildPhase section */

/* Begin PBXSourcesBuildPhase section */
		4D9E0FFA21DA96CD002359D2 /* Sources */ = {
			isa = PBXSourcesBuildPhase;
			buildActionMask = 2147483647;
			files = (
				4D9E100421DA96CD002359D2 /* ViewController.swift in Sources */,
				4D5899F621F17D5F008CB5CF /* QuestionsFactory.swift in Sources */,
				4D5899F421F1775E008CB5CF /* Question.swift in Sources */,
				4D9E101C21DAAD11002359D2 /* DrawingImage.swift in Sources */,
				4D9E100221DA96CD002359D2 /* AppDelegate.swift in Sources */,
			);
			runOnlyForDeploymentPostprocessing = 0;
		};
/* End PBXSourcesBuildPhase section */

/* Begin PBXVariantGroup section */
		4D9E100521DA96CD002359D2 /* Main.storyboard */ = {
			isa = PBXVariantGroup;
			children = (
				4D9E100621DA96CD002359D2 /* Base */,
			);
			name = Main.storyboard;
			sourceTree = "<group>";
		};
		4D9E100A21DA96D0002359D2 /* LaunchScreen.storyboard */ = {
			isa = PBXVariantGroup;
			children = (
				4D9E100B21DA96D0002359D2 /* Base */,
			);
			name = LaunchScreen.storyboard;
			sourceTree = "<group>";
		};
/* End PBXVariantGroup section */

/* Begin XCBuildConfiguration section */
		4D9E100E21DA96D0002359D2 /* Debug */ = {
			isa = XCBuildConfiguration;
			buildSettings = {
				ALWAYS_SEARCH_USER_PATHS = NO;
				CLANG_ANALYZER_NONNULL = YES;
				CLANG_ANALYZER_NUMBER_OBJECT_CONVERSION = YES_AGGRESSIVE;
				CLANG_CXX_LANGUAGE_STANDARD = "gnu++14";
				CLANG_CXX_LIBRARY = "libc++";
				CLANG_ENABLE_MODULES = YES;
				CLANG_ENABLE_OBJC_ARC = YES;
				CLANG_ENABLE_OBJC_WEAK = YES;
				CLANG_WARN_BLOCK_CAPTURE_AUTORELEASING = YES;
				CLANG_WARN_BOOL_CONVERSION = YES;
				CLANG_WARN_COMMA = YES;
				CLANG_WARN_CONSTANT_CONVERSION = YES;
				CLANG_WARN_DEPRECATED_OBJC_IMPLEMENTATIONS = YES;
				CLANG_WARN_DIRECT_OBJC_ISA_USAGE = YES_ERROR;
				CLANG_WARN_DOCUMENTATION_COMMENTS = YES;
				CLANG_WARN_EMPTY_BODY = YES;
				CLANG_WARN_ENUM_CONVERSION = YES;
				CLANG_WARN_INFINITE_RECURSION = YES;
				CLANG_WARN_INT_CONVERSION = YES;
				CLANG_WARN_NON_LITERAL_NULL_CONVERSION = YES;
				CLANG_WARN_OBJC_IMPLICIT_RETAIN_SELF = YES;
				CLANG_WARN_OBJC_LITERAL_CONVERSION = YES;
				CLANG_WARN_OBJC_ROOT_CLASS = YES_ERROR;
				CLANG_WARN_RANGE_LOOP_ANALYSIS = YES;
				CLANG_WARN_STRICT_PROTOTYPES = YES;
				CLANG_WARN_SUSPICIOUS_MOVE = YES;
				CLANG_WARN_UNGUARDED_AVAILABILITY = YES_AGGRESSIVE;
				CLANG_WARN_UNREACHABLE_CODE = YES;
				CLANG_WARN__DUPLICATE_METHOD_MATCH = YES;
				CODE_SIGN_IDENTITY = "iPhone Developer";
				COPY_PHASE_STRIP = NO;
				DEBUG_INFORMATION_FORMAT = dwarf;
				ENABLE_STRICT_OBJC_MSGSEND = YES;
				ENABLE_TESTABILITY = YES;
				GCC_C_LANGUAGE_STANDARD = gnu11;
				GCC_DYNAMIC_NO_PIC = NO;
				GCC_NO_COMMON_BLOCKS = YES;
				GCC_OPTIMIZATION_LEVEL = 0;
				GCC_PREPROCESSOR_DEFINITIONS = (
					"DEBUG=1",
					"$(inherited)",
				);
				GCC_WARN_64_TO_32_BIT_CONVERSION = YES;
				GCC_WARN_ABOUT_RETURN_TYPE = YES_ERROR;
				GCC_WARN_UNDECLARED_SELECTOR = YES;
				GCC_WARN_UNINITIALIZED_AUTOS = YES_AGGRESSIVE;
				GCC_WARN_UNUSED_FUNCTION = YES;
				GCC_WARN_UNUSED_VARIABLE = YES;
				IPHONEOS_DEPLOYMENT_TARGET = 12.1;
				MTL_ENABLE_DEBUG_INFO = INCLUDE_SOURCE;
				MTL_FAST_MATH = YES;
				ONLY_ACTIVE_ARCH = YES;
				SDKROOT = iphoneos;
				SWIFT_ACTIVE_COMPILATION_CONDITIONS = DEBUG;
				SWIFT_OPTIMIZATION_LEVEL = "-Onone";
			};
			name = Debug;
		};
		4D9E100F21DA96D0002359D2 /* Release */ = {
			isa = XCBuildConfiguration;
			buildSettings = {
				ALWAYS_SEARCH_USER_PATHS = NO;
				CLANG_ANALYZER_NONNULL = YES;
				CLANG_ANALYZER_NUMBER_OBJECT_CONVERSION = YES_AGGRESSIVE;
				CLANG_CXX_LANGUAGE_STANDARD = "gnu++14";
				CLANG_CXX_LIBRARY = "libc++";
				CLANG_ENABLE_MODULES = YES;
				CLANG_ENABLE_OBJC_ARC = YES;
				CLANG_ENABLE_OBJC_WEAK = YES;
				CLANG_WARN_BLOCK_CAPTURE_AUTORELEASING = YES;
				CLANG_WARN_BOOL_CONVERSION = YES;
				CLANG_WARN_COMMA = YES;
				CLANG_WARN_CONSTANT_CONVERSION = YES;
				CLANG_WARN_DEPRECATED_OBJC_IMPLEMENTATIONS = YES;
				CLANG_WARN_DIRECT_OBJC_ISA_USAGE = YES_ERROR;
				CLANG_WARN_DOCUMENTATION_COMMENTS = YES;
				CLANG_WARN_EMPTY_BODY = YES;
				CLANG_WARN_ENUM_CONVERSION = YES;
				CLANG_WARN_INFINITE_RECURSION = YES;
				CLANG_WARN_INT_CONVERSION = YES;
				CLANG_WARN_NON_LITERAL_NULL_CONVERSION = YES;
				CLANG_WARN_OBJC_IMPLICIT_RETAIN_SELF = YES;
				CLANG_WARN_OBJC_LITERAL_CONVERSION = YES;
				CLANG_WARN_OBJC_ROOT_CLASS = YES_ERROR;
				CLANG_WARN_RANGE_LOOP_ANALYSIS = YES;
				CLANG_WARN_STRICT_PROTOTYPES = YES;
				CLANG_WARN_SUSPICIOUS_MOVE = YES;
				CLANG_WARN_UNGUARDED_AVAILABILITY = YES_AGGRESSIVE;
				CLANG_WARN_UNREACHABLE_CODE = YES;
				CLANG_WARN__DUPLICATE_METHOD_MATCH = YES;
				CODE_SIGN_IDENTITY = "iPhone Developer";
				COPY_PHASE_STRIP = NO;
				DEBUG_INFORMATION_FORMAT = "dwarf-with-dsym";
				ENABLE_NS_ASSERTIONS = NO;
				ENABLE_STRICT_OBJC_MSGSEND = YES;
				GCC_C_LANGUAGE_STANDARD = gnu11;
				GCC_NO_COMMON_BLOCKS = YES;
				GCC_WARN_64_TO_32_BIT_CONVERSION = YES;
				GCC_WARN_ABOUT_RETURN_TYPE = YES_ERROR;
				GCC_WARN_UNDECLARED_SELECTOR = YES;
				GCC_WARN_UNINITIALIZED_AUTOS = YES_AGGRESSIVE;
				GCC_WARN_UNUSED_FUNCTION = YES;
				GCC_WARN_UNUSED_VARIABLE = YES;
				IPHONEOS_DEPLOYMENT_TARGET = 12.1;
				MTL_ENABLE_DEBUG_INFO = NO;
				MTL_FAST_MATH = YES;
				SDKROOT = iphoneos;
				SWIFT_COMPILATION_MODE = wholemodule;
				SWIFT_OPTIMIZATION_LEVEL = "-O";
				VALIDATE_PRODUCT = YES;
			};
			name = Release;
		};
		4D9E101121DA96D0002359D2 /* Debug */ = {
			isa = XCBuildConfiguration;
			buildSettings = {
				ASSETCATALOG_COMPILER_APPICON_NAME = AppIcon;
				CODE_SIGN_STYLE = Automatic;
				DEVELOPMENT_TEAM = C55A6JJJER;
				INFOPLIST_FILE = "$(SRCROOT)/07-MathTraining/Supporting Files/Info.plist";
				LD_RUNPATH_SEARCH_PATHS = (
					"$(inherited)",
					"@executable_path/Frameworks",
				);
				PRODUCT_BUNDLE_IDENTIFIER = synapsis.com.mx.MathTraining;
				PRODUCT_NAME = "$(TARGET_NAME)";
				SWIFT_VERSION = 4.2;
				TARGETED_DEVICE_FAMILY = "1,2";
			};
			name = Debug;
		};
		4D9E101221DA96D0002359D2 /* Release */ = {
			isa = XCBuildConfiguration;
			buildSettings = {
				ASSETCATALOG_COMPILER_APPICON_NAME = AppIcon;
				CODE_SIGN_STYLE = Automatic;
				DEVELOPMENT_TEAM = C55A6JJJER;
				INFOPLIST_FILE = "$(SRCROOT)/07-MathTraining/Supporting Files/Info.plist";
				LD_RUNPATH_SEARCH_PATHS = (
					"$(inherited)",
					"@executable_path/Frameworks",
				);
				PRODUCT_BUNDLE_IDENTIFIER = synapsis.com.mx.MathTraining;
				PRODUCT_NAME = "$(TARGET_NAME)";
				SWIFT_VERSION = 4.2;
				TARGETED_DEVICE_FAMILY = "1,2";
			};
			name = Release;
		};
/* End XCBuildConfiguration section */

/* Begin XCConfigurationList section */
		4D9E0FF921DA96CD002359D2 /* Build configuration list for PBXProject "07-MathTraining" */ = {
			isa = XCConfigurationList;
			buildConfigurations = (
				4D9E100E21DA96D0002359D2 /* Debug */,
				4D9E100F21DA96D0002359D2 /* Release */,
			);
			defaultConfigurationIsVisible = 0;
			defaultConfigurationName = Release;
		};
		4D9E101021DA96D0002359D2 /* Build configuration list for PBXNativeTarget "07-MathTraining" */ = {
			isa = XCConfigurationList;
			buildConfigurations = (
				4D9E101121DA96D0002359D2 /* Debug */,
				4D9E101221DA96D0002359D2 /* Release */,
			);
			defaultConfigurationIsVisible = 0;
			defaultConfigurationName = Release;
		};
/* End XCConfigurationList section */
	};
	rootObject = 4D9E0FF621DA96CD002359D2 /* Project object */;
}
